
Microsoft Visual Studio Solution File, Format Version 9.00
# Visual Studio 2005
Project("{8BC9CEB8-8B4A-11D0-8D11-00A0C91BC942}") = "libbarry", "libbarry.vcproj", "{549F127D-D93A-44BF-A120-FFDE5B9C49B1}"
EndProject
Project("{8BC9CEB8-8B4A-11D0-8D11-00A0C91BC942}") = "btool", "btool.vcproj", "{37D8D6AE-BAA1-45E5-AC1F-98E1F79732BE}"
	ProjectSection(ProjectDependencies) = postProject
		{549F127D-D93A-44BF-A120-FFDE5B9C49B1} = {549F127D-D93A-44BF-A120-FFDE5B9C49B1}
	EndProjectSection
EndProject
Project("{8BC9CEB8-8B4A-11D0-8D11-00A0C91BC942}") = "brawchannel", "brawchannel.vcproj", "{FC046838-608D-44CA-820A-0BD308428C30}"
	ProjectSection(ProjectDependencies) = postProject
		{549F127D-D93A-44BF-A120-FFDE5B9C49B1} = {549F127D-D93A-44BF-A120-FFDE5B9C49B1}
	EndProjectSection
EndProject
Project("{8BC9CEB8-8B4A-11D0-8D11-00A0C91BC942}") = "breset", "breset.vcproj", "{6353F3EB-324E-4D2A-9893-6B63FAF2D14E}"
EndProject
Global
	GlobalSection(SolutionConfigurationPlatforms) = preSolution
		Debug|STANDARDSDK_500 (ARMV4I) = Debug|STANDARDSDK_500 (ARMV4I)
		Debug|Win32 = Debug|Win32
		Debug|x64 = Debug|x64
		Release|STANDARDSDK_500 (ARMV4I) = Release|STANDARDSDK_500 (ARMV4I)
		Release|Win32 = Release|Win32
		Release|x64 = Release|x64
	EndGlobalSection
	GlobalSection(ProjectConfigurationPlatforms) = postSolution
		{549F127D-D93A-44BF-A120-FFDE5B9C49B1}.Debug|STANDARDSDK_500 (ARMV4I).ActiveCfg = Debug|STANDARDSDK_500 (ARMV4I)
		{549F127D-D93A-44BF-A120-FFDE5B9C49B1}.Debug|STANDARDSDK_500 (ARMV4I).Build.0 = Debug|STANDARDSDK_500 (ARMV4I)
		{549F127D-D93A-44BF-A120-FFDE5B9C49B1}.Debug|STANDARDSDK_500 (ARMV4I).Deploy.0 = Debug|STANDARDSDK_500 (ARMV4I)
		{549F127D-D93A-44BF-A120-FFDE5B9C49B1}.Debug|Win32.ActiveCfg = Debug|Win32
		{549F127D-D93A-44BF-A120-FFDE5B9C49B1}.Debug|Win32.Build.0 = Debug|Win32
		{549F127D-D93A-44BF-A120-FFDE5B9C49B1}.Debug|x64.ActiveCfg = Debug|x64
		{549F127D-D93A-44BF-A120-FFDE5B9C49B1}.Debug|x64.Build.0 = Debug|x64
		{549F127D-D93A-44BF-A120-FFDE5B9C49B1}.Release|STANDARDSDK_500 (ARMV4I).ActiveCfg = Release|STANDARDSDK_500 (ARMV4I)
		{549F127D-D93A-44BF-A120-FFDE5B9C49B1}.Release|STANDARDSDK_500 (ARMV4I).Build.0 = Release|STANDARDSDK_500 (ARMV4I)
		{549F127D-D93A-44BF-A120-FFDE5B9C49B1}.Release|STANDARDSDK_500 (ARMV4I).Deploy.0 = Release|STANDARDSDK_500 (ARMV4I)
		{549F127D-D93A-44BF-A120-FFDE5B9C49B1}.Release|Win32.ActiveCfg = Release|Win32
		{549F127D-D93A-44BF-A120-FFDE5B9C49B1}.Release|Win32.Build.0 = Release|Win32
		{549F127D-D93A-44BF-A120-FFDE5B9C49B1}.Release|x64.ActiveCfg = Release|x64
		{549F127D-D93A-44BF-A120-FFDE5B9C49B1}.Release|x64.Build.0 = Release|x64
		{37D8D6AE-BAA1-45E5-AC1F-98E1F79732BE}.Debug|STANDARDSDK_500 (ARMV4I).ActiveCfg = Debug|STANDARDSDK_500 (ARMV4I)
		{37D8D6AE-BAA1-45E5-AC1F-98E1F79732BE}.Debug|STANDARDSDK_500 (ARMV4I).Build.0 = Debug|STANDARDSDK_500 (ARMV4I)
		{37D8D6AE-BAA1-45E5-AC1F-98E1F79732BE}.Debug|STANDARDSDK_500 (ARMV4I).Deploy.0 = Debug|STANDARDSDK_500 (ARMV4I)
		{37D8D6AE-BAA1-45E5-AC1F-98E1F79732BE}.Debug|Win32.ActiveCfg = Debug|Win32
		{37D8D6AE-BAA1-45E5-AC1F-98E1F79732BE}.Debug|Win32.Build.0 = Debug|Win32
		{37D8D6AE-BAA1-45E5-AC1F-98E1F79732BE}.Debug|x64.ActiveCfg = Debug|x64
		{37D8D6AE-BAA1-45E5-AC1F-98E1F79732BE}.Debug|x64.Build.0 = Debug|x64
		{37D8D6AE-BAA1-45E5-AC1F-98E1F79732BE}.Release|STANDARDSDK_500 (ARMV4I).ActiveCfg = Release|STANDARDSDK_500 (ARMV4I)
		{37D8D6AE-BAA1-45E5-AC1F-98E1F79732BE}.Release|STANDARDSDK_500 (ARMV4I).Build.0 = Release|STANDARDSDK_500 (ARMV4I)
		{37D8D6AE-BAA1-45E5-AC1F-98E1F79732BE}.Release|STANDARDSDK_500 (ARMV4I).Deploy.0 = Release|STANDARDSDK_500 (ARMV4I)
		{37D8D6AE-BAA1-45E5-AC1F-98E1F79732BE}.Release|Win32.ActiveCfg = Release|Win32
		{37D8D6AE-BAA1-45E5-AC1F-98E1F79732BE}.Release|Win32.Build.0 = Release|Win32
		{37D8D6AE-BAA1-45E5-AC1F-98E1F79732BE}.Release|x64.ActiveCfg = Release|x64
		{37D8D6AE-BAA1-45E5-AC1F-98E1F79732BE}.Release|x64.Build.0 = Release|x64
		{FC046838-608D-44CA-820A-0BD308428C30}.Debug|STANDARDSDK_500 (ARMV4I).ActiveCfg = Debug|STANDARDSDK_500 (ARMV4I)
		{FC046838-608D-44CA-820A-0BD308428C30}.Debug|STANDARDSDK_500 (ARMV4I).Build.0 = Debug|STANDARDSDK_500 (ARMV4I)
		{FC046838-608D-44CA-820A-0BD308428C30}.Debug|STANDARDSDK_500 (ARMV4I).Deploy.0 = Debug|STANDARDSDK_500 (ARMV4I)
		{FC046838-608D-44CA-820A-0BD308428C30}.Debug|Win32.ActiveCfg = Debug|Win32
		{FC046838-608D-44CA-820A-0BD308428C30}.Debug|Win32.Build.0 = Debug|Win32
		{FC046838-608D-44CA-820A-0BD308428C30}.Debug|x64.ActiveCfg = Debug|x64
		{FC046838-608D-44CA-820A-0BD308428C30}.Debug|x64.Build.0 = Debug|x64
		{FC046838-608D-44CA-820A-0BD308428C30}.Release|STANDARDSDK_500 (ARMV4I).ActiveCfg = Release|STANDARDSDK_500 (ARMV4I)
		{FC046838-608D-44CA-820A-0BD308428C30}.Release|STANDARDSDK_500 (ARMV4I).Build.0 = Release|STANDARDSDK_500 (ARMV4I)
		{FC046838-608D-44CA-820A-0BD308428C30}.Release|STANDARDSDK_500 (ARMV4I).Deploy.0 = Release|STANDARDSDK_500 (ARMV4I)
		{FC046838-608D-44CA-820A-0BD308428C30}.Release|Win32.ActiveCfg = Release|Win32
		{FC046838-608D-44CA-820A-0BD308428C30}.Release|Win32.Build.0 = Release|Win32
		{FC046838-608D-44CA-820A-0BD308428C30}.Release|x64.ActiveCfg = Release|x64
		{FC046838-608D-44CA-820A-0BD308428C30}.Release|x64.Build.0 = Release|x64
		{6353F3EB-324E-4D2A-9893-6B63FAF2D14E}.Debug|STANDARDSDK_500 (ARMV4I).ActiveCfg = Debug|STANDARDSDK_500 (ARMV4I)
		{6353F3EB-324E-4D2A-9893-6B63FAF2D14E}.Debug|STANDARDSDK_500 (ARMV4I).Build.0 = Debug|STANDARDSDK_500 (ARMV4I)
		{6353F3EB-324E-4D2A-9893-6B63FAF2D14E}.Debug|STANDARDSDK_500 (ARMV4I).Deploy.0 = Debug|STANDARDSDK_500 (ARMV4I)
		{6353F3EB-324E-4D2A-9893-6B63FAF2D14E}.Debug|Win32.ActiveCfg = Debug|Win32
		{6353F3EB-324E-4D2A-9893-6B63FAF2D14E}.Debug|Win32.Build.0 = Debug|Win32
		{6353F3EB-324E-4D2A-9893-6B63FAF2D14E}.Debug|x64.ActiveCfg = Debug|x64
		{6353F3EB-324E-4D2A-9893-6B63FAF2D14E}.Debug|x64.Build.0 = Debug|x64
		{6353F3EB-324E-4D2A-9893-6B63FAF2D14E}.Release|STANDARDSDK_500 (ARMV4I).ActiveCfg = Release|STANDARDSDK_500 (ARMV4I)
		{6353F3EB-324E-4D2A-9893-6B63FAF2D14E}.Release|STANDARDSDK_500 (ARMV4I).Build.0 = Release|STANDARDSDK_500 (ARMV4I)
		{6353F3EB-324E-4D2A-9893-6B63FAF2D14E}.Release|STANDARDSDK_500 (ARMV4I).Deploy.0 = Release|STANDARDSDK_500 (ARMV4I)
		{6353F3EB-324E-4D2A-9893-6B63FAF2D14E}.Release|Win32.ActiveCfg = Release|Win32
		{6353F3EB-324E-4D2A-9893-6B63FAF2D14E}.Release|Win32.Build.0 = Release|Win32
		{6353F3EB-324E-4D2A-9893-6B63FAF2D14E}.Release|x64.ActiveCfg = Release|x64
		{6353F3EB-324E-4D2A-9893-6B63FAF2D14E}.Release|x64.Build.0 = Release|x64
	EndGlobalSection
	GlobalSection(SolutionProperties) = preSolution
		HideSolutionNode = FALSE
	EndGlobalSection
EndGlobal
